
Microsoft Visual Studio Solution File, Format Version 12.00
# Visual Studio Version 17
VisualStudioVersion = 17.3.32901.215
MinimumVisualStudioVersion = 10.0.40219.1
Project("{FAE04EC0-301F-11D3-BF4B-00C04F79EFBC}") = "ScooterRental", "ScooterRental\ScooterRental.csproj", "{1EBFC1D7-275D-4498-AB23-1F6AC591CEBE}"
EndProject
Project("{FAE04EC0-301F-11D3-BF4B-00C04F79EFBC}") = "ScooterRentalTest", "ScooterRentalTest\ScooterRentalTest.csproj", "{C86F11A4-9C24-49D9-A848-13EBE369CCC1}"
EndProject
Global
	GlobalSection(SolutionConfigurationPlatforms) = preSolution
		Debug|Any CPU = Debug|Any CPU
		Release|Any CPU = Release|Any CPU
	EndGlobalSection
	GlobalSection(ProjectConfigurationPlatforms) = postSolution
		{1EBFC1D7-275D-4498-AB23-1F6AC591CEBE}.Debug|Any CPU.ActiveCfg = Debug|Any CPU
		{1EBFC1D7-275D-4498-AB23-1F6AC591CEBE}.Debug|Any CPU.Build.0 = Debug|Any CPU
		{1EBFC1D7-275D-4498-AB23-1F6AC591CEBE}.Release|Any CPU.ActiveCfg = Release|Any CPU
		{1EBFC1D7-275D-4498-AB23-1F6AC591CEBE}.Release|Any CPU.Build.0 = Release|Any CPU
		{C86F11A4-9C24-49D9-A848-13EBE369CCC1}.Debug|Any CPU.ActiveCfg = Debug|Any CPU
		{C86F11A4-9C24-49D9-A848-13EBE369CCC1}.Debug|Any CPU.Build.0 = Debug|Any CPU
		{C86F11A4-9C24-49D9-A848-13EBE369CCC1}.Release|Any CPU.ActiveCfg = Release|Any CPU
		{C86F11A4-9C24-49D9-A848-13EBE369CCC1}.Release|Any CPU.Build.0 = Release|Any CPU
	EndGlobalSection
	GlobalSection(SolutionProperties) = preSolution
		HideSolutionNode = FALSE
	EndGlobalSection
	GlobalSection(ExtensibilityGlobals) = postSolution
		SolutionGuid = {A23EB146-5F39-477A-AAD6-313CB904E9A8}
	EndGlobalSection
EndGlobal
